// !$*UTF8*$!
{
	archiveVersion = 1;
	classes = {
	};
	objectVersion = 50;
	objects = {

/* Begin PBXBuildFile section */
		3DD5F26A25F853E900923766 /* AppDelegate.swift in Sources */ = {isa = PBXBuildFile; fileRef = 3DD5F26925F853E900923766 /* AppDelegate.swift */; };
		3DD5F26C25F853E900923766 /* SceneDelegate.swift in Sources */ = {isa = PBXBuildFile; fileRef = 3DD5F26B25F853E900923766 /* SceneDelegate.swift */; };
		3DD5F26E25F853E900923766 /* ViewController.swift in Sources */ = {isa = PBXBuildFile; fileRef = 3DD5F26D25F853E900923766 /* ViewController.swift */; };
		3DD5F27325F853EB00923766 /* Assets.xcassets in Resources */ = {isa = PBXBuildFile; fileRef = 3DD5F27225F853EB00923766 /* Assets.xcassets */; };
		3DD5F27625F853EB00923766 /* LaunchScreen.storyboard in Resources */ = {isa = PBXBuildFile; fileRef = 3DD5F27425F853EB00923766 /* LaunchScreen.storyboard */; };
		3DD5F28125F853EB00923766 /* SZRCAITests.swift in Sources */ = {isa = PBXBuildFile; fileRef = 3DD5F28025F853EB00923766 /* SZRCAITests.swift */; };
		3DD5F28C25F853EB00923766 /* SZRCAIUITests.swift in Sources */ = {isa = PBXBuildFile; fileRef = 3DD5F28B25F853EB00923766 /* SZRCAIUITests.swift */; };
		3DD5F2D425F856A100923766 /* UIResponder+defaultViewController.swift in Sources */ = {isa = PBXBuildFile; fileRef = 3DD5F2D325F856A100923766 /* UIResponder+defaultViewController.swift */; };
		3DD5F2D525F856A100923766 /* UIResponder+defaultViewController.swift in Sources */ = {isa = PBXBuildFile; fileRef = 3DD5F2D325F856A100923766 /* UIResponder+defaultViewController.swift */; };
		3DD5F2D625F856A100923766 /* UIResponder+defaultViewController.swift in Sources */ = {isa = PBXBuildFile; fileRef = 3DD5F2D325F856A100923766 /* UIResponder+defaultViewController.swift */; };
		3DD5F2ED25F8585D00923766 /* Model.swift in Sources */ = {isa = PBXBuildFile; fileRef = 3DD5F2EC25F8585D00923766 /* Model.swift */; };
		3DD5F2EE25F8585D00923766 /* Model.swift in Sources */ = {isa = PBXBuildFile; fileRef = 3DD5F2EC25F8585D00923766 /* Model.swift */; };
		3DD5F2EF25F8585D00923766 /* Model.swift in Sources */ = {isa = PBXBuildFile; fileRef = 3DD5F2EC25F8585D00923766 /* Model.swift */; };
		3DD5F2F925F858B100923766 /* MapView.swift in Sources */ = {isa = PBXBuildFile; fileRef = 3DD5F2F825F858B100923766 /* MapView.swift */; };
		3DD5F2FA25F858B100923766 /* MapView.swift in Sources */ = {isa = PBXBuildFile; fileRef = 3DD5F2F825F858B100923766 /* MapView.swift */; };
		3DD5F2FB25F858B100923766 /* MapView.swift in Sources */ = {isa = PBXBuildFile; fileRef = 3DD5F2F825F858B100923766 /* MapView.swift */; };
		3DD5F30425F8590700923766 /* PinMarkerView.swift in Sources */ = {isa = PBXBuildFile; fileRef = 3DD5F30325F8590700923766 /* PinMarkerView.swift */; };
		3DD5F30525F8590700923766 /* PinMarkerView.swift in Sources */ = {isa = PBXBuildFile; fileRef = 3DD5F30325F8590700923766 /* PinMarkerView.swift */; };
		3DD5F30625F8590700923766 /* PinMarkerView.swift in Sources */ = {isa = PBXBuildFile; fileRef = 3DD5F30325F8590700923766 /* PinMarkerView.swift */; };
		3DD5F30D25F8596100923766 /* Assets.xcassets in Resources */ = {isa = PBXBuildFile; fileRef = 3DD5F27225F853EB00923766 /* Assets.xcassets */; };
		3DD5F31125F8596100923766 /* Assets.xcassets in Resources */ = {isa = PBXBuildFile; fileRef = 3DD5F27225F853EB00923766 /* Assets.xcassets */; };
		3DD5F32225F85A7100923766 /* MKMarkerAnnotationView.swift in Sources */ = {isa = PBXBuildFile; fileRef = 3DD5F32125F85A7100923766 /* MKMarkerAnnotationView.swift */; };
		3DD5F32325F85A7100923766 /* MKMarkerAnnotationView.swift in Sources */ = {isa = PBXBuildFile; fileRef = 3DD5F32125F85A7100923766 /* MKMarkerAnnotationView.swift */; };
		3DD5F32425F85A7100923766 /* MKMarkerAnnotationView.swift in Sources */ = {isa = PBXBuildFile; fileRef = 3DD5F32125F85A7100923766 /* MKMarkerAnnotationView.swift */; };
		3DD5F32D25F85B2000923766 /* PinAnnotation.swift in Sources */ = {isa = PBXBuildFile; fileRef = 3DD5F32C25F85B2000923766 /* PinAnnotation.swift */; };
		3DD5F32E25F85B2000923766 /* PinAnnotation.swift in Sources */ = {isa = PBXBuildFile; fileRef = 3DD5F32C25F85B2000923766 /* PinAnnotation.swift */; };
		3DD5F32F25F85B2000923766 /* PinAnnotation.swift in Sources */ = {isa = PBXBuildFile; fileRef = 3DD5F32C25F85B2000923766 /* PinAnnotation.swift */; };
		3DD5F33725F85B3F00923766 /* DashLine.swift in Sources */ = {isa = PBXBuildFile; fileRef = 3DD5F33625F85B3F00923766 /* DashLine.swift */; };
		3DD5F33825F85B3F00923766 /* DashLine.swift in Sources */ = {isa = PBXBuildFile; fileRef = 3DD5F33625F85B3F00923766 /* DashLine.swift */; };
		3DD5F33925F85B3F00923766 /* DashLine.swift in Sources */ = {isa = PBXBuildFile; fileRef = 3DD5F33625F85B3F00923766 /* DashLine.swift */; };
		3DD5F34625F85CAB00923766 /* buttonsSetup+ViewController.swift in Sources */ = {isa = PBXBuildFile; fileRef = 3DD5F34525F85CAB00923766 /* buttonsSetup+ViewController.swift */; };
		3DD5F34725F85CAB00923766 /* buttonsSetup+ViewController.swift in Sources */ = {isa = PBXBuildFile; fileRef = 3DD5F34525F85CAB00923766 /* buttonsSetup+ViewController.swift */; };
		3DD5F34825F85CAB00923766 /* buttonsSetup+ViewController.swift in Sources */ = {isa = PBXBuildFile; fileRef = 3DD5F34525F85CAB00923766 /* buttonsSetup+ViewController.swift */; };
		3DD5F35325F85D3B00923766 /* trackerButton+Model.swift in Sources */ = {isa = PBXBuildFile; fileRef = 3DD5F35225F85D3B00923766 /* trackerButton+Model.swift */; };
		3DD5F35425F85D3B00923766 /* trackerButton+Model.swift in Sources */ = {isa = PBXBuildFile; fileRef = 3DD5F35225F85D3B00923766 /* trackerButton+Model.swift */; };
		3DD5F35525F85D3B00923766 /* trackerButton+Model.swift in Sources */ = {isa = PBXBuildFile; fileRef = 3DD5F35225F85D3B00923766 /* trackerButton+Model.swift */; };
		3DD5F35E25F85DE100923766 /* buttons+Model.swift in Sources */ = {isa = PBXBuildFile; fileRef = 3DD5F35D25F85DE100923766 /* buttons+Model.swift */; };
		3DD5F35F25F85DE100923766 /* buttons+Model.swift in Sources */ = {isa = PBXBuildFile; fileRef = 3DD5F35D25F85DE100923766 /* buttons+Model.swift */; };
		3DD5F36025F85DE100923766 /* buttons+Model.swift in Sources */ = {isa = PBXBuildFile; fileRef = 3DD5F35D25F85DE100923766 /* buttons+Model.swift */; };
		3DD5F36825F85DFB00923766 /* UIEdgeInsets.swift in Sources */ = {isa = PBXBuildFile; fileRef = 3DD5F36725F85DFB00923766 /* UIEdgeInsets.swift */; };
		3DD5F36925F85DFB00923766 /* UIEdgeInsets.swift in Sources */ = {isa = PBXBuildFile; fileRef = 3DD5F36725F85DFB00923766 /* UIEdgeInsets.swift */; };
		3DD5F36A25F85DFB00923766 /* UIEdgeInsets.swift in Sources */ = {isa = PBXBuildFile; fileRef = 3DD5F36725F85DFB00923766 /* UIEdgeInsets.swift */; };
		3DD5F36F25F85E1E00923766 /* action+Model.swift in Sources */ = {isa = PBXBuildFile; fileRef = 3DD5F36E25F85E1E00923766 /* action+Model.swift */; };
		3DD5F37025F85E1E00923766 /* action+Model.swift in Sources */ = {isa = PBXBuildFile; fileRef = 3DD5F36E25F85E1E00923766 /* action+Model.swift */; };
		3DD5F37125F85E1E00923766 /* action+Model.swift in Sources */ = {isa = PBXBuildFile; fileRef = 3DD5F36E25F85E1E00923766 /* action+Model.swift */; };
		3DD5F37625F85E5700923766 /* UIButton.swift in Sources */ = {isa = PBXBuildFile; fileRef = 3DD5F37525F85E5700923766 /* UIButton.swift */; };
		3DD5F37725F85E5700923766 /* UIButton.swift in Sources */ = {isa = PBXBuildFile; fileRef = 3DD5F37525F85E5700923766 /* UIButton.swift */; };
		3DD5F37825F85E5700923766 /* UIButton.swift in Sources */ = {isa = PBXBuildFile; fileRef = 3DD5F37525F85E5700923766 /* UIButton.swift */; };
		3DD5F37D25F85F0400923766 /* clearButtonSetup+Model.swift in Sources */ = {isa = PBXBuildFile; fileRef = 3DD5F37C25F85F0400923766 /* clearButtonSetup+Model.swift */; };
		3DD5F37E25F85F0400923766 /* clearButtonSetup+Model.swift in Sources */ = {isa = PBXBuildFile; fileRef = 3DD5F37C25F85F0400923766 /* clearButtonSetup+Model.swift */; };
		3DD5F37F25F85F0400923766 /* clearButtonSetup+Model.swift in Sources */ = {isa = PBXBuildFile; fileRef = 3DD5F37C25F85F0400923766 /* clearButtonSetup+Model.swift */; };
		3DD5F38625F85FEE00923766 /* MKMapViewDelegate+ViewController.swift in Sources */ = {isa = PBXBuildFile; fileRef = 3DD5F38525F85FEE00923766 /* MKMapViewDelegate+ViewController.swift */; };
		3DD5F38725F85FEE00923766 /* MKMapViewDelegate+ViewController.swift in Sources */ = {isa = PBXBuildFile; fileRef = 3DD5F38525F85FEE00923766 /* MKMapViewDelegate+ViewController.swift */; };
		3DD5F38825F85FEE00923766 /* MKMapViewDelegate+ViewController.swift in Sources */ = {isa = PBXBuildFile; fileRef = 3DD5F38525F85FEE00923766 /* MKMapViewDelegate+ViewController.swift */; };
		3DD5F39025F8601600923766 /* alertAuthorizedWhenInUse.swift in Sources */ = {isa = PBXBuildFile; fileRef = 3DD5F38F25F8601600923766 /* alertAuthorizedWhenInUse.swift */; };
		3DD5F39125F8601600923766 /* alertAuthorizedWhenInUse.swift in Sources */ = {isa = PBXBuildFile; fileRef = 3DD5F38F25F8601600923766 /* alertAuthorizedWhenInUse.swift */; };
		3DD5F39225F8601600923766 /* alertAuthorizedWhenInUse.swift in Sources */ = {isa = PBXBuildFile; fileRef = 3DD5F38F25F8601600923766 /* alertAuthorizedWhenInUse.swift */; };
		3DD5F39825F8603600923766 /* LocationManager.swift in Sources */ = {isa = PBXBuildFile; fileRef = 3DD5F39725F8603600923766 /* LocationManager.swift */; };
		3DD5F39925F8603600923766 /* LocationManager.swift in Sources */ = {isa = PBXBuildFile; fileRef = 3DD5F39725F8603600923766 /* LocationManager.swift */; };
		3DD5F39A25F8603600923766 /* LocationManager.swift in Sources */ = {isa = PBXBuildFile; fileRef = 3DD5F39725F8603600923766 /* LocationManager.swift */; };
		3DD5F3A325F8609300923766 /* ModelDelegate+ViewController.swift in Sources */ = {isa = PBXBuildFile; fileRef = 3DD5F3A225F8609300923766 /* ModelDelegate+ViewController.swift */; };
		3DD5F3A425F8609300923766 /* ModelDelegate+ViewController.swift in Sources */ = {isa = PBXBuildFile; fileRef = 3DD5F3A225F8609300923766 /* ModelDelegate+ViewController.swift */; };
		3DD5F3A525F8609300923766 /* ModelDelegate+ViewController.swift in Sources */ = {isa = PBXBuildFile; fileRef = 3DD5F3A225F8609300923766 /* ModelDelegate+ViewController.swift */; };
		3DD5F3AD25F860ED00923766 /* CLLocationCoordinate2D.swift in Sources */ = {isa = PBXBuildFile; fileRef = 3DD5F3AC25F860ED00923766 /* CLLocationCoordinate2D.swift */; };
		3DD5F3AE25F860ED00923766 /* CLLocationCoordinate2D.swift in Sources */ = {isa = PBXBuildFile; fileRef = 3DD5F3AC25F860ED00923766 /* CLLocationCoordinate2D.swift */; };
		3DD5F3AF25F860ED00923766 /* CLLocationCoordinate2D.swift in Sources */ = {isa = PBXBuildFile; fileRef = 3DD5F3AC25F860ED00923766 /* CLLocationCoordinate2D.swift */; };
		3DD5F3B425F8611600923766 /* MKPolyline.swift in Sources */ = {isa = PBXBuildFile; fileRef = 3DD5F3B325F8611600923766 /* MKPolyline.swift */; };
		3DD5F3B525F8611600923766 /* MKPolyline.swift in Sources */ = {isa = PBXBuildFile; fileRef = 3DD5F3B325F8611600923766 /* MKPolyline.swift */; };
		3DD5F3B625F8611600923766 /* MKPolyline.swift in Sources */ = {isa = PBXBuildFile; fileRef = 3DD5F3B325F8611600923766 /* MKPolyline.swift */; };
		3DD5F3C925F8652A00923766 /* LaunchScreen.storyboard in Resources */ = {isa = PBXBuildFile; fileRef = 3DD5F27425F853EB00923766 /* LaunchScreen.storyboard */; };
		3DD5F3CD25F8652B00923766 /* LaunchScreen.storyboard in Resources */ = {isa = PBXBuildFile; fileRef = 3DD5F27425F853EB00923766 /* LaunchScreen.storyboard */; };
		3DD5F3E025F86B6900923766 /* ViewController.swift in Sources */ = {isa = PBXBuildFile; fileRef = 3DD5F26D25F853E900923766 /* ViewController.swift */; };
		3DD5F3E425F86B6900923766 /* ViewController.swift in Sources */ = {isa = PBXBuildFile; fileRef = 3DD5F26D25F853E900923766 /* ViewController.swift */; };
/* End PBXBuildFile section */

/* Begin PBXContainerItemProxy section */
		3DD5F27D25F853EB00923766 /* PBXContainerItemProxy */ = {
			isa = PBXContainerItemProxy;
			containerPortal = 3DD5F25E25F853E900923766 /* Project object */;
			proxyType = 1;
			remoteGlobalIDString = 3DD5F26525F853E900923766;
			remoteInfo = SZRCAI;
		};
		3DD5F28825F853EB00923766 /* PBXContainerItemProxy */ = {
			isa = PBXContainerItemProxy;
			containerPortal = 3DD5F25E25F853E900923766 /* Project object */;
			proxyType = 1;
			remoteGlobalIDString = 3DD5F26525F853E900923766;
			remoteInfo = SZRCAI;
		};
/* End PBXContainerItemProxy section */

/* Begin PBXFileReference section */
		3DD5F26625F853E900923766 /* SZRCAI.app */ = {isa = PBXFileReference; explicitFileType = wrapper.application; includeInIndex = 0; path = SZRCAI.app; sourceTree = BUILT_PRODUCTS_DIR; };
		3DD5F26925F853E900923766 /* AppDelegate.swift */ = {isa = PBXFileReference; lastKnownFileType = sourcecode.swift; path = AppDelegate.swift; sourceTree = "<group>"; };
		3DD5F26B25F853E900923766 /* SceneDelegate.swift */ = {isa = PBXFileReference; lastKnownFileType = sourcecode.swift; path = SceneDelegate.swift; sourceTree = "<group>"; };
		3DD5F26D25F853E900923766 /* ViewController.swift */ = {isa = PBXFileReference; lastKnownFileType = sourcecode.swift; path = ViewController.swift; sourceTree = "<group>"; };
		3DD5F27225F853EB00923766 /* Assets.xcassets */ = {isa = PBXFileReference; lastKnownFileType = folder.assetcatalog; path = Assets.xcassets; sourceTree = "<group>"; };
		3DD5F27525F853EB00923766 /* Base */ = {isa = PBXFileReference; lastKnownFileType = file.storyboard; name = Base; path = Base.lproj/LaunchScreen.storyboard; sourceTree = "<group>"; };
		3DD5F27725F853EB00923766 /* Info.plist */ = {isa = PBXFileReference; lastKnownFileType = text.plist.xml; path = Info.plist; sourceTree = "<group>"; };
		3DD5F27C25F853EB00923766 /* SZRCAITests.xctest */ = {isa = PBXFileReference; explicitFileType = wrapper.cfbundle; includeInIndex = 0; path = SZRCAITests.xctest; sourceTree = BUILT_PRODUCTS_DIR; };
		3DD5F28025F853EB00923766 /* SZRCAITests.swift */ = {isa = PBXFileReference; lastKnownFileType = sourcecode.swift; path = SZRCAITests.swift; sourceTree = "<group>"; };
		3DD5F28225F853EB00923766 /* Info.plist */ = {isa = PBXFileReference; lastKnownFileType = text.plist.xml; path = Info.plist; sourceTree = "<group>"; };
		3DD5F28725F853EB00923766 /* SZRCAIUITests.xctest */ = {isa = PBXFileReference; explicitFileType = wrapper.cfbundle; includeInIndex = 0; path = SZRCAIUITests.xctest; sourceTree = BUILT_PRODUCTS_DIR; };
		3DD5F28B25F853EB00923766 /* SZRCAIUITests.swift */ = {isa = PBXFileReference; lastKnownFileType = sourcecode.swift; path = SZRCAIUITests.swift; sourceTree = "<group>"; };
		3DD5F28D25F853EB00923766 /* Info.plist */ = {isa = PBXFileReference; lastKnownFileType = text.plist.xml; path = Info.plist; sourceTree = "<group>"; };
		3DD5F2D325F856A100923766 /* UIResponder+defaultViewController.swift */ = {isa = PBXFileReference; lastKnownFileType = sourcecode.swift; path = "UIResponder+defaultViewController.swift"; sourceTree = "<group>"; };
		3DD5F2EC25F8585D00923766 /* Model.swift */ = {isa = PBXFileReference; lastKnownFileType = sourcecode.swift; path = Model.swift; sourceTree = "<group>"; };
		3DD5F2F825F858B100923766 /* MapView.swift */ = {isa = PBXFileReference; lastKnownFileType = sourcecode.swift; path = MapView.swift; sourceTree = "<group>"; };
		3DD5F30325F8590700923766 /* PinMarkerView.swift */ = {isa = PBXFileReference; lastKnownFileType = sourcecode.swift; path = PinMarkerView.swift; sourceTree = "<group>"; };
		3DD5F32125F85A7100923766 /* MKMarkerAnnotationView.swift */ = {isa = PBXFileReference; lastKnownFileType = sourcecode.swift; path = MKMarkerAnnotationView.swift; sourceTree = "<group>"; };
		3DD5F32C25F85B2000923766 /* PinAnnotation.swift */ = {isa = PBXFileReference; lastKnownFileType = sourcecode.swift; path = PinAnnotation.swift; sourceTree = "<group>"; };
		3DD5F33625F85B3F00923766 /* DashLine.swift */ = {isa = PBXFileReference; lastKnownFileType = sourcecode.swift; path = DashLine.swift; sourceTree = "<group>"; };
		3DD5F34525F85CAB00923766 /* buttonsSetup+ViewController.swift */ = {isa = PBXFileReference; lastKnownFileType = sourcecode.swift; path = "buttonsSetup+ViewController.swift"; sourceTree = "<group>"; };
		3DD5F35225F85D3B00923766 /* trackerButton+Model.swift */ = {isa = PBXFileReference; lastKnownFileType = sourcecode.swift; path = "trackerButton+Model.swift"; sourceTree = "<group>"; };
		3DD5F35D25F85DE100923766 /* buttons+Model.swift */ = {isa = PBXFileReference; lastKnownFileType = sourcecode.swift; path = "buttons+Model.swift"; sourceTree = "<group>"; };
		3DD5F36725F85DFB00923766 /* UIEdgeInsets.swift */ = {isa = PBXFileReference; lastKnownFileType = sourcecode.swift; path = UIEdgeInsets.swift; sourceTree = "<group>"; };
		3DD5F36E25F85E1E00923766 /* action+Model.swift */ = {isa = PBXFileReference; lastKnownFileType = sourcecode.swift; path = "action+Model.swift"; sourceTree = "<group>"; };
		3DD5F37525F85E5700923766 /* UIButton.swift */ = {isa = PBXFileReference; lastKnownFileType = sourcecode.swift; path = UIButton.swift; sourceTree = "<group>"; };
		3DD5F37C25F85F0400923766 /* clearButtonSetup+Model.swift */ = {isa = PBXFileReference; lastKnownFileType = sourcecode.swift; path = "clearButtonSetup+Model.swift"; sourceTree = "<group>"; };
		3DD5F38525F85FEE00923766 /* MKMapViewDelegate+ViewController.swift */ = {isa = PBXFileReference; lastKnownFileType = sourcecode.swift; path = "MKMapViewDelegate+ViewController.swift"; sourceTree = "<group>"; };
		3DD5F38F25F8601600923766 /* alertAuthorizedWhenInUse.swift */ = {isa = PBXFileReference; lastKnownFileType = sourcecode.swift; path = alertAuthorizedWhenInUse.swift; sourceTree = "<group>"; };
		3DD5F39725F8603600923766 /* LocationManager.swift */ = {isa = PBXFileReference; lastKnownFileType = sourcecode.swift; path = LocationManager.swift; sourceTree = "<group>"; };
		3DD5F3A225F8609300923766 /* ModelDelegate+ViewController.swift */ = {isa = PBXFileReference; lastKnownFileType = sourcecode.swift; path = "ModelDelegate+ViewController.swift"; sourceTree = "<group>"; };
		3DD5F3AC25F860ED00923766 /* CLLocationCoordinate2D.swift */ = {isa = PBXFileReference; lastKnownFileType = sourcecode.swift; path = CLLocationCoordinate2D.swift; sourceTree = "<group>"; };
		3DD5F3B325F8611600923766 /* MKPolyline.swift */ = {isa = PBXFileReference; lastKnownFileType = sourcecode.swift; path = MKPolyline.swift; sourceTree = "<group>"; };
/* End PBXFileReference section */

/* Begin PBXFrameworksBuildPhase section */
		3DD5F26325F853E900923766 /* Frameworks */ = {
			isa = PBXFrameworksBuildPhase;
			buildActionMask = 2147483647;
			files = (
			);
			runOnlyForDeploymentPostprocessing = 0;
		};
		3DD5F27925F853EB00923766 /* Frameworks */ = {
			isa = PBXFrameworksBuildPhase;
			buildActionMask = 2147483647;
			files = (
			);
			runOnlyForDeploymentPostprocessing = 0;
		};
		3DD5F28425F853EB00923766 /* Frameworks */ = {
			isa = PBXFrameworksBuildPhase;
			buildActionMask = 2147483647;
			files = (
			);
			runOnlyForDeploymentPostprocessing = 0;
		};
/* End PBXFrameworksBuildPhase section */

/* Begin PBXGroup section */
		3DD5F25D25F853E900923766 = {
			isa = PBXGroup;
			children = (
				3DD5F26825F853E900923766 /* SZRCAI */,
				3DD5F27F25F853EB00923766 /* SZRCAITests */,
				3DD5F28A25F853EB00923766 /* SZRCAIUITests */,
				3DD5F26725F853E900923766 /* Products */,
			);
			sourceTree = "<group>";
		};
		3DD5F26725F853E900923766 /* Products */ = {
			isa = PBXGroup;
			children = (
				3DD5F26625F853E900923766 /* SZRCAI.app */,
				3DD5F27C25F853EB00923766 /* SZRCAITests.xctest */,
				3DD5F28725F853EB00923766 /* SZRCAIUITests.xctest */,
			);
			name = Products;
			sourceTree = "<group>";
		};
		3DD5F26825F853E900923766 /* SZRCAI */ = {
			isa = PBXGroup;
			children = (
				3DD5F2C625F8554300923766 /* Main code */,
				3DD5F2BA25F8550500923766 /* Root Files */,
			);
			path = SZRCAI;
			sourceTree = "<group>";
		};
		3DD5F27F25F853EB00923766 /* SZRCAITests */ = {
			isa = PBXGroup;
			children = (
				3DD5F28025F853EB00923766 /* SZRCAITests.swift */,
				3DD5F28225F853EB00923766 /* Info.plist */,
			);
			path = SZRCAITests;
			sourceTree = "<group>";
		};
		3DD5F28A25F853EB00923766 /* SZRCAIUITests */ = {
			isa = PBXGroup;
			children = (
				3DD5F28B25F853EB00923766 /* SZRCAIUITests.swift */,
				3DD5F28D25F853EB00923766 /* Info.plist */,
			);
			path = SZRCAIUITests;
			sourceTree = "<group>";
		};
		3DD5F2BA25F8550500923766 /* Root Files */ = {
			isa = PBXGroup;
			children = (
				3DD5F2D225F8568A00923766 /* Extensions */,
				3DD5F27725F853EB00923766 /* Info.plist */,
				3DD5F26925F853E900923766 /* AppDelegate.swift */,
				3DD5F26B25F853E900923766 /* SceneDelegate.swift */,
				3DD5F27225F853EB00923766 /* Assets.xcassets */,
			);
			path = "Root Files";
			sourceTree = "<group>";
		};
		3DD5F2BF25F8552E00923766 /* Storyboards */ = {
			isa = PBXGroup;
			children = (
				3DD5F27425F853EB00923766 /* LaunchScreen.storyboard */,
			);
			path = Storyboards;
			sourceTree = "<group>";
		};
		3DD5F2C625F8554300923766 /* Main code */ = {
			isa = PBXGroup;
			children = (
				3DD5F2C725F8555500923766 /* Controllers */,
				3DD5F31E25F85A4E00923766 /* Helpers */,
				3DD5F2D125F8567C00923766 /* Model */,
				3DD5F2BF25F8552E00923766 /* Storyboards */,
				3DD5F2F625F8589F00923766 /* Views */,
			);
			path = "Main code";
			sourceTree = "<group>";
		};
		3DD5F2C725F8555500923766 /* Controllers */ = {
			isa = PBXGroup;
			children = (
				3DD5F34425F85C9300923766 /* ViewController */,
			);
			path = Controllers;
			sourceTree = "<group>";
		};
		3DD5F2D125F8567C00923766 /* Model */ = {
			isa = PBXGroup;
			children = (
				3DD5F33625F85B3F00923766 /* DashLine.swift */,
				3DD5F2EC25F8585D00923766 /* Model.swift */,
				3DD5F35025F85D2800923766 /* Buttons */,
				3DD5F39625F8603000923766 /* LocationManager */,
				3DD5F32B25F85B1A00923766 /* PinAnnotation */,
			);
			path = Model;
			sourceTree = "<group>";
		};
		3DD5F2D225F8568A00923766 /* Extensions */ = {
			isa = PBXGroup;
			children = (
				3DD5F2D325F856A100923766 /* UIResponder+defaultViewController.swift */,
			);
			path = Extensions;
			sourceTree = "<group>";
		};
		3DD5F2F625F8589F00923766 /* Views */ = {
			isa = PBXGroup;
			children = (
				3DD5F30225F858F500923766 /* PinMarkerView */,
				3DD5F2F725F858A500923766 /* MapView */,
			);
			path = Views;
			sourceTree = "<group>";
		};
		3DD5F2F725F858A500923766 /* MapView */ = {
			isa = PBXGroup;
			children = (
				3DD5F2F825F858B100923766 /* MapView.swift */,
			);
			path = MapView;
			sourceTree = "<group>";
		};
		3DD5F30225F858F500923766 /* PinMarkerView */ = {
			isa = PBXGroup;
			children = (
				3DD5F30325F8590700923766 /* PinMarkerView.swift */,
			);
			path = PinMarkerView;
			sourceTree = "<group>";
		};
		3DD5F31E25F85A4E00923766 /* Helpers */ = {
			isa = PBXGroup;
			children = (
				3DD5F31F25F85A5B00923766 /* Extensions */,
				3DD5F38F25F8601600923766 /* alertAuthorizedWhenInUse.swift */,
			);
			path = Helpers;
			sourceTree = "<group>";
		};
		3DD5F31F25F85A5B00923766 /* Extensions */ = {
			isa = PBXGroup;
			children = (
				3DD5F32125F85A7100923766 /* MKMarkerAnnotationView.swift */,
				3DD5F36725F85DFB00923766 /* UIEdgeInsets.swift */,
				3DD5F37525F85E5700923766 /* UIButton.swift */,
				3DD5F3AC25F860ED00923766 /* CLLocationCoordinate2D.swift */,
				3DD5F3B325F8611600923766 /* MKPolyline.swift */,
			);
			path = Extensions;
			sourceTree = "<group>";
		};
		3DD5F32B25F85B1A00923766 /* PinAnnotation */ = {
			isa = PBXGroup;
			children = (
				3DD5F32C25F85B2000923766 /* PinAnnotation.swift */,
			);
			path = PinAnnotation;
			sourceTree = "<group>";
		};
		3DD5F34325F85C8900923766 /* Extensions */ = {
			isa = PBXGroup;
			children = (
				3DD5F34525F85CAB00923766 /* buttonsSetup+ViewController.swift */,
			);
			path = Extensions;
			sourceTree = "<group>";
		};
		3DD5F34425F85C9300923766 /* ViewController */ = {
			isa = PBXGroup;
			children = (
				3DD5F26D25F853E900923766 /* ViewController.swift */,
				3DD5F38325F85FDA00923766 /* Delegates */,
				3DD5F34325F85C8900923766 /* Extensions */,
			);
			path = ViewController;
			sourceTree = "<group>";
		};
		3DD5F35025F85D2800923766 /* Buttons */ = {
			isa = PBXGroup;
			children = (
				3DD5F36E25F85E1E00923766 /* action+Model.swift */,
				3DD5F35D25F85DE100923766 /* buttons+Model.swift */,
				3DD5F37C25F85F0400923766 /* clearButtonSetup+Model.swift */,
				3DD5F35225F85D3B00923766 /* trackerButton+Model.swift */,
			);
			path = Buttons;
			sourceTree = "<group>";
		};
		3DD5F38325F85FDA00923766 /* Delegates */ = {
			isa = PBXGroup;
			children = (
				3DD5F38525F85FEE00923766 /* MKMapViewDelegate+ViewController.swift */,
				3DD5F3A225F8609300923766 /* ModelDelegate+ViewController.swift */,
			);
			path = Delegates;
			sourceTree = "<group>";
		};
		3DD5F39625F8603000923766 /* LocationManager */ = {
			isa = PBXGroup;
			children = (
				3DD5F39725F8603600923766 /* LocationManager.swift */,
			);
			path = LocationManager;
			sourceTree = "<group>";
		};
/* End PBXGroup section */

/* Begin PBXNativeTarget section */
		3DD5F26525F853E900923766 /* SZRCAI */ = {
			isa = PBXNativeTarget;
			buildConfigurationList = 3DD5F29025F853EB00923766 /* Build configuration list for PBXNativeTarget "SZRCAI" */;
			buildPhases = (
				3DD5F26225F853E900923766 /* Sources */,
				3DD5F26325F853E900923766 /* Frameworks */,
				3DD5F26425F853E900923766 /* Resources */,
			);
			buildRules = (
			);
			dependencies = (
			);
			name = SZRCAI;
			productName = SZRCAI;
			productReference = 3DD5F26625F853E900923766 /* SZRCAI.app */;
			productType = "com.apple.product-type.application";
		};
		3DD5F27B25F853EB00923766 /* SZRCAITests */ = {
			isa = PBXNativeTarget;
			buildConfigurationList = 3DD5F29325F853EB00923766 /* Build configuration list for PBXNativeTarget "SZRCAITests" */;
			buildPhases = (
				3DD5F27825F853EB00923766 /* Sources */,
				3DD5F27925F853EB00923766 /* Frameworks */,
				3DD5F27A25F853EB00923766 /* Resources */,
			);
			buildRules = (
			);
			dependencies = (
				3DD5F27E25F853EB00923766 /* PBXTargetDependency */,
			);
			name = SZRCAITests;
			productName = SZRCAITests;
			productReference = 3DD5F27C25F853EB00923766 /* SZRCAITests.xctest */;
			productType = "com.apple.product-type.bundle.unit-test";
		};
		3DD5F28625F853EB00923766 /* SZRCAIUITests */ = {
			isa = PBXNativeTarget;
			buildConfigurationList = 3DD5F29625F853EB00923766 /* Build configuration list for PBXNativeTarget "SZRCAIUITests" */;
			buildPhases = (
				3DD5F28325F853EB00923766 /* Sources */,
				3DD5F28425F853EB00923766 /* Frameworks */,
				3DD5F28525F853EB00923766 /* Resources */,
			);
			buildRules = (
			);
			dependencies = (
				3DD5F28925F853EB00923766 /* PBXTargetDependency */,
			);
			name = SZRCAIUITests;
			productName = SZRCAIUITests;
			productReference = 3DD5F28725F853EB00923766 /* SZRCAIUITests.xctest */;
			productType = "com.apple.product-type.bundle.ui-testing";
		};
/* End PBXNativeTarget section */

/* Begin PBXProject section */
		3DD5F25E25F853E900923766 /* Project object */ = {
			isa = PBXProject;
			attributes = {
				LastSwiftUpdateCheck = 1240;
				LastUpgradeCheck = 1240;
				TargetAttributes = {
					3DD5F26525F853E900923766 = {
						CreatedOnToolsVersion = 12.4;
					};
					3DD5F27B25F853EB00923766 = {
						CreatedOnToolsVersion = 12.4;
						TestTargetID = 3DD5F26525F853E900923766;
					};
					3DD5F28625F853EB00923766 = {
						CreatedOnToolsVersion = 12.4;
						TestTargetID = 3DD5F26525F853E900923766;
					};
				};
			};
			buildConfigurationList = 3DD5F26125F853E900923766 /* Build configuration list for PBXProject "SZRCAI" */;
			compatibilityVersion = "Xcode 9.3";
			developmentRegion = en;
			hasScannedForEncodings = 0;
			knownRegions = (
				en,
				Base,
			);
			mainGroup = 3DD5F25D25F853E900923766;
			productRefGroup = 3DD5F26725F853E900923766 /* Products */;
			projectDirPath = "";
			projectRoot = "";
			targets = (
				3DD5F26525F853E900923766 /* SZRCAI */,
				3DD5F27B25F853EB00923766 /* SZRCAITests */,
				3DD5F28625F853EB00923766 /* SZRCAIUITests */,
			);
		};
/* End PBXProject section */

/* Begin PBXResourcesBuildPhase section */
		3DD5F26425F853E900923766 /* Resources */ = {
			isa = PBXResourcesBuildPhase;
			buildActionMask = 2147483647;
			files = (
				3DD5F27625F853EB00923766 /* LaunchScreen.storyboard in Resources */,
				3DD5F27325F853EB00923766 /* Assets.xcassets in Resources */,
			);
			runOnlyForDeploymentPostprocessing = 0;
		};
		3DD5F27A25F853EB00923766 /* Resources */ = {
			isa = PBXResourcesBuildPhase;
			buildActionMask = 2147483647;
			files = (
				3DD5F30D25F8596100923766 /* Assets.xcassets in Resources */,
				3DD5F3C925F8652A00923766 /* LaunchScreen.storyboard in Resources */,
			);
			runOnlyForDeploymentPostprocessing = 0;
		};
		3DD5F28525F853EB00923766 /* Resources */ = {
			isa = PBXResourcesBuildPhase;
			buildActionMask = 2147483647;
			files = (
				3DD5F31125F8596100923766 /* Assets.xcassets in Resources */,
				3DD5F3CD25F8652B00923766 /* LaunchScreen.storyboard in Resources */,
			);
			runOnlyForDeploymentPostprocessing = 0;
		};
/* End PBXResourcesBuildPhase section */

/* Begin PBXSourcesBuildPhase section */
		3DD5F26225F853E900923766 /* Sources */ = {
			isa = PBXSourcesBuildPhase;
			buildActionMask = 2147483647;
			files = (
				3DD5F30425F8590700923766 /* PinMarkerView.swift in Sources */,
				3DD5F38625F85FEE00923766 /* MKMapViewDelegate+ViewController.swift in Sources */,
				3DD5F2ED25F8585D00923766 /* Model.swift in Sources */,
				3DD5F3AD25F860ED00923766 /* CLLocationCoordinate2D.swift in Sources */,
				3DD5F2F925F858B100923766 /* MapView.swift in Sources */,
				3DD5F37625F85E5700923766 /* UIButton.swift in Sources */,
				3DD5F39025F8601600923766 /* alertAuthorizedWhenInUse.swift in Sources */,
				3DD5F33725F85B3F00923766 /* DashLine.swift in Sources */,
				3DD5F35E25F85DE100923766 /* buttons+Model.swift in Sources */,
				3DD5F26E25F853E900923766 /* ViewController.swift in Sources */,
				3DD5F2D425F856A100923766 /* UIResponder+defaultViewController.swift in Sources */,
				3DD5F3B425F8611600923766 /* MKPolyline.swift in Sources */,
				3DD5F26A25F853E900923766 /* AppDelegate.swift in Sources */,
				3DD5F36F25F85E1E00923766 /* action+Model.swift in Sources */,
				3DD5F3A325F8609300923766 /* ModelDelegate+ViewController.swift in Sources */,
				3DD5F39825F8603600923766 /* LocationManager.swift in Sources */,
				3DD5F36825F85DFB00923766 /* UIEdgeInsets.swift in Sources */,
				3DD5F26C25F853E900923766 /* SceneDelegate.swift in Sources */,
				3DD5F35325F85D3B00923766 /* trackerButton+Model.swift in Sources */,
				3DD5F32D25F85B2000923766 /* PinAnnotation.swift in Sources */,
				3DD5F34625F85CAB00923766 /* buttonsSetup+ViewController.swift in Sources */,
				3DD5F37D25F85F0400923766 /* clearButtonSetup+Model.swift in Sources */,
				3DD5F32225F85A7100923766 /* MKMarkerAnnotationView.swift in Sources */,
			);
			runOnlyForDeploymentPostprocessing = 0;
		};
		3DD5F27825F853EB00923766 /* Sources */ = {
			isa = PBXSourcesBuildPhase;
			buildActionMask = 2147483647;
			files = (
				3DD5F30525F8590700923766 /* PinMarkerView.swift in Sources */,
				3DD5F39125F8601600923766 /* alertAuthorizedWhenInUse.swift in Sources */,
				3DD5F33825F85B3F00923766 /* DashLine.swift in Sources */,
				3DD5F36925F85DFB00923766 /* UIEdgeInsets.swift in Sources */,
				3DD5F3E025F86B6900923766 /* ViewController.swift in Sources */,
				3DD5F37025F85E1E00923766 /* action+Model.swift in Sources */,
				3DD5F2EE25F8585D00923766 /* Model.swift in Sources */,
				3DD5F2FA25F858B100923766 /* MapView.swift in Sources */,
				3DD5F32325F85A7100923766 /* MKMarkerAnnotationView.swift in Sources */,
				3DD5F39925F8603600923766 /* LocationManager.swift in Sources */,
				3DD5F38725F85FEE00923766 /* MKMapViewDelegate+ViewController.swift in Sources */,
				3DD5F28125F853EB00923766 /* SZRCAITests.swift in Sources */,
				3DD5F35F25F85DE100923766 /* buttons+Model.swift in Sources */,
				3DD5F37E25F85F0400923766 /* clearButtonSetup+Model.swift in Sources */,
				3DD5F3AE25F860ED00923766 /* CLLocationCoordinate2D.swift in Sources */,
				3DD5F35425F85D3B00923766 /* trackerButton+Model.swift in Sources */,
				3DD5F3A425F8609300923766 /* ModelDelegate+ViewController.swift in Sources */,
				3DD5F2D525F856A100923766 /* UIResponder+defaultViewController.swift in Sources */,
				3DD5F3B525F8611600923766 /* MKPolyline.swift in Sources */,
				3DD5F37725F85E5700923766 /* UIButton.swift in Sources */,
				3DD5F34725F85CAB00923766 /* buttonsSetup+ViewController.swift in Sources */,
				3DD5F32E25F85B2000923766 /* PinAnnotation.swift in Sources */,
			);
			runOnlyForDeploymentPostprocessing = 0;
		};
		3DD5F28325F853EB00923766 /* Sources */ = {
			isa = PBXSourcesBuildPhase;
			buildActionMask = 2147483647;
			files = (
				3DD5F30625F8590700923766 /* PinMarkerView.swift in Sources */,
				3DD5F39225F8601600923766 /* alertAuthorizedWhenInUse.swift in Sources */,
				3DD5F33925F85B3F00923766 /* DashLine.swift in Sources */,
				3DD5F36A25F85DFB00923766 /* UIEdgeInsets.swift in Sources */,
				3DD5F3E425F86B6900923766 /* ViewController.swift in Sources */,
				3DD5F37125F85E1E00923766 /* action+Model.swift in Sources */,
				3DD5F2EF25F8585D00923766 /* Model.swift in Sources */,
				3DD5F2FB25F858B100923766 /* MapView.swift in Sources */,
				3DD5F32425F85A7100923766 /* MKMarkerAnnotationView.swift in Sources */,
				3DD5F39A25F8603600923766 /* LocationManager.swift in Sources */,
				3DD5F38825F85FEE00923766 /* MKMapViewDelegate+ViewController.swift in Sources */,
				3DD5F28C25F853EB00923766 /* SZRCAIUITests.swift in Sources */,
				3DD5F36025F85DE100923766 /* buttons+Model.swift in Sources */,
				3DD5F37F25F85F0400923766 /* clearButtonSetup+Model.swift in Sources */,
				3DD5F3AF25F860ED00923766 /* CLLocationCoordinate2D.swift in Sources */,
				3DD5F35525F85D3B00923766 /* trackerButton+Model.swift in Sources */,
				3DD5F3A525F8609300923766 /* ModelDelegate+ViewController.swift in Sources */,
				3DD5F2D625F856A100923766 /* UIResponder+defaultViewController.swift in Sources */,
				3DD5F3B625F8611600923766 /* MKPolyline.swift in Sources */,
				3DD5F37825F85E5700923766 /* UIButton.swift in Sources */,
				3DD5F34825F85CAB00923766 /* buttonsSetup+ViewController.swift in Sources */,
				3DD5F32F25F85B2000923766 /* PinAnnotation.swift in Sources */,
			);
			runOnlyForDeploymentPostprocessing = 0;
		};
/* End PBXSourcesBuildPhase section */

/* Begin PBXTargetDependency section */
		3DD5F27E25F853EB00923766 /* PBXTargetDependency */ = {
			isa = PBXTargetDependency;
			target = 3DD5F26525F853E900923766 /* SZRCAI */;
			targetProxy = 3DD5F27D25F853EB00923766 /* PBXContainerItemProxy */;
		};
		3DD5F28925F853EB00923766 /* PBXTargetDependency */ = {
			isa = PBXTargetDependency;
			target = 3DD5F26525F853E900923766 /* SZRCAI */;
			targetProxy = 3DD5F28825F853EB00923766 /* PBXContainerItemProxy */;
		};
/* End PBXTargetDependency section */

/* Begin PBXVariantGroup section */
		3DD5F27425F853EB00923766 /* LaunchScreen.storyboard */ = {
			isa = PBXVariantGroup;
			children = (
				3DD5F27525F853EB00923766 /* Base */,
			);
			name = LaunchScreen.storyboard;
			sourceTree = "<group>";
		};
/* End PBXVariantGroup section */

/* Begin XCBuildConfiguration section */
		3DD5F28E25F853EB00923766 /* Debug */ = {
			isa = XCBuildConfiguration;
			buildSettings = {
				ALWAYS_SEARCH_USER_PATHS = NO;
				CLANG_ANALYZER_NONNULL = YES;
				CLANG_ANALYZER_NUMBER_OBJECT_CONVERSION = YES_AGGRESSIVE;
				CLANG_CXX_LANGUAGE_STANDARD = "gnu++14";
				CLANG_CXX_LIBRARY = "libc++";
				CLANG_ENABLE_MODULES = YES;
				CLANG_ENABLE_OBJC_ARC = YES;
				CLANG_ENABLE_OBJC_WEAK = YES;
				CLANG_WARN_BLOCK_CAPTURE_AUTORELEASING = YES;
				CLANG_WARN_BOOL_CONVERSION = YES;
				CLANG_WARN_COMMA = YES;
				CLANG_WARN_CONSTANT_CONVERSION = YES;
				CLANG_WARN_DEPRECATED_OBJC_IMPLEMENTATIONS = YES;
				CLANG_WARN_DIRECT_OBJC_ISA_USAGE = YES_ERROR;
				CLANG_WARN_DOCUMENTATION_COMMENTS = YES;
				CLANG_WARN_EMPTY_BODY = YES;
				CLANG_WARN_ENUM_CONVERSION = YES;
				CLANG_WARN_INFINITE_RECURSION = YES;
				CLANG_WARN_INT_CONVERSION = YES;
				CLANG_WARN_NON_LITERAL_NULL_CONVERSION = YES;
				CLANG_WARN_OBJC_IMPLICIT_RETAIN_SELF = YES;
				CLANG_WARN_OBJC_LITERAL_CONVERSION = YES;
				CLANG_WARN_OBJC_ROOT_CLASS = YES_ERROR;
				CLANG_WARN_QUOTED_INCLUDE_IN_FRAMEWORK_HEADER = YES;
				CLANG_WARN_RANGE_LOOP_ANALYSIS = YES;
				CLANG_WARN_STRICT_PROTOTYPES = YES;
				CLANG_WARN_SUSPICIOUS_MOVE = YES;
				CLANG_WARN_UNGUARDED_AVAILABILITY = YES_AGGRESSIVE;
				CLANG_WARN_UNREACHABLE_CODE = YES;
				CLANG_WARN__DUPLICATE_METHOD_MATCH = YES;
				COPY_PHASE_STRIP = NO;
				DEBUG_INFORMATION_FORMAT = dwarf;
				ENABLE_STRICT_OBJC_MSGSEND = YES;
				ENABLE_TESTABILITY = YES;
				GCC_C_LANGUAGE_STANDARD = gnu11;
				GCC_DYNAMIC_NO_PIC = NO;
				GCC_NO_COMMON_BLOCKS = YES;
				GCC_OPTIMIZATION_LEVEL = 0;
				GCC_PREPROCESSOR_DEFINITIONS = (
					"DEBUG=1",
					"$(inherited)",
				);
				GCC_WARN_64_TO_32_BIT_CONVERSION = YES;
				GCC_WARN_ABOUT_RETURN_TYPE = YES_ERROR;
				GCC_WARN_UNDECLARED_SELECTOR = YES;
				GCC_WARN_UNINITIALIZED_AUTOS = YES_AGGRESSIVE;
				GCC_WARN_UNUSED_FUNCTION = YES;
				GCC_WARN_UNUSED_VARIABLE = YES;
				IPHONEOS_DEPLOYMENT_TARGET = 11.0;
				MTL_ENABLE_DEBUG_INFO = INCLUDE_SOURCE;
				MTL_FAST_MATH = YES;
				ONLY_ACTIVE_ARCH = YES;
				SDKROOT = iphoneos;
				SWIFT_ACTIVE_COMPILATION_CONDITIONS = DEBUG;
				SWIFT_OPTIMIZATION_LEVEL = "-Onone";
			};
			name = Debug;
		};
		3DD5F28F25F853EB00923766 /* Release */ = {
			isa = XCBuildConfiguration;
			buildSettings = {
				ALWAYS_SEARCH_USER_PATHS = NO;
				CLANG_ANALYZER_NONNULL = YES;
				CLANG_ANALYZER_NUMBER_OBJECT_CONVERSION = YES_AGGRESSIVE;
				CLANG_CXX_LANGUAGE_STANDARD = "gnu++14";
				CLANG_CXX_LIBRARY = "libc++";
				CLANG_ENABLE_MODULES = YES;
				CLANG_ENABLE_OBJC_ARC = YES;
				CLANG_ENABLE_OBJC_WEAK = YES;
				CLANG_WARN_BLOCK_CAPTURE_AUTORELEASING = YES;
				CLANG_WARN_BOOL_CONVERSION = YES;
				CLANG_WARN_COMMA = YES;
				CLANG_WARN_CONSTANT_CONVERSION = YES;
				CLANG_WARN_DEPRECATED_OBJC_IMPLEMENTATIONS = YES;
				CLANG_WARN_DIRECT_OBJC_ISA_USAGE = YES_ERROR;
				CLANG_WARN_DOCUMENTATION_COMMENTS = YES;
				CLANG_WARN_EMPTY_BODY = YES;
				CLANG_WARN_ENUM_CONVERSION = YES;
				CLANG_WARN_INFINITE_RECURSION = YES;
				CLANG_WARN_INT_CONVERSION = YES;
				CLANG_WARN_NON_LITERAL_NULL_CONVERSION = YES;
				CLANG_WARN_OBJC_IMPLICIT_RETAIN_SELF = YES;
				CLANG_WARN_OBJC_LITERAL_CONVERSION = YES;
				CLANG_WARN_OBJC_ROOT_CLASS = YES_ERROR;
				CLANG_WARN_QUOTED_INCLUDE_IN_FRAMEWORK_HEADER = YES;
				CLANG_WARN_RANGE_LOOP_ANALYSIS = YES;
				CLANG_WARN_STRICT_PROTOTYPES = YES;
				CLANG_WARN_SUSPICIOUS_MOVE = YES;
				CLANG_WARN_UNGUARDED_AVAILABILITY = YES_AGGRESSIVE;
				CLANG_WARN_UNREACHABLE_CODE = YES;
				CLANG_WARN__DUPLICATE_METHOD_MATCH = YES;
				COPY_PHASE_STRIP = NO;
				DEBUG_INFORMATION_FORMAT = "dwarf-with-dsym";
				ENABLE_NS_ASSERTIONS = NO;
				ENABLE_STRICT_OBJC_MSGSEND = YES;
				GCC_C_LANGUAGE_STANDARD = gnu11;
				GCC_NO_COMMON_BLOCKS = YES;
				GCC_WARN_64_TO_32_BIT_CONVERSION = YES;
				GCC_WARN_ABOUT_RETURN_TYPE = YES_ERROR;
				GCC_WARN_UNDECLARED_SELECTOR = YES;
				GCC_WARN_UNINITIALIZED_AUTOS = YES_AGGRESSIVE;
				GCC_WARN_UNUSED_FUNCTION = YES;
				GCC_WARN_UNUSED_VARIABLE = YES;
				IPHONEOS_DEPLOYMENT_TARGET = 11.0;
				MTL_ENABLE_DEBUG_INFO = NO;
				MTL_FAST_MATH = YES;
				SDKROOT = iphoneos;
				SWIFT_COMPILATION_MODE = wholemodule;
				SWIFT_OPTIMIZATION_LEVEL = "-O";
				VALIDATE_PRODUCT = YES;
			};
			name = Release;
		};
		3DD5F29125F853EB00923766 /* Debug */ = {
			isa = XCBuildConfiguration;
			buildSettings = {
				ASSETCATALOG_COMPILER_APPICON_NAME = AppIcon;
				ASSETCATALOG_COMPILER_GLOBAL_ACCENT_COLOR_NAME = AccentColor;
				CODE_SIGN_STYLE = Automatic;
				CURRENT_PROJECT_VERSION = 8;
				DEVELOPMENT_TEAM = KXDT64LHVB;
				INFOPLIST_FILE = "SZRCAI/Root Files/Info.plist";
				IPHONEOS_DEPLOYMENT_TARGET = 11.0;
				LD_RUNPATH_SEARCH_PATHS = (
					"$(inherited)",
					"@executable_path/Frameworks",
				);
				PRODUCT_BUNDLE_IDENTIFIER = "Sergey-Fedotov.SZRCAI";
				PRODUCT_NAME = "$(TARGET_NAME)";
				SWIFT_VERSION = 5.0;
				TARGETED_DEVICE_FAMILY = 1;
			};
			name = Debug;
		};
		3DD5F29225F853EB00923766 /* Release */ = {
			isa = XCBuildConfiguration;
			buildSettings = {
				ASSETCATALOG_COMPILER_APPICON_NAME = AppIcon;
				ASSETCATALOG_COMPILER_GLOBAL_ACCENT_COLOR_NAME = AccentColor;
				CODE_SIGN_STYLE = Automatic;
				CURRENT_PROJECT_VERSION = 8;
				DEVELOPMENT_TEAM = KXDT64LHVB;
				INFOPLIST_FILE = "SZRCAI/Root Files/Info.plist";
				IPHONEOS_DEPLOYMENT_TARGET = 11.0;
				LD_RUNPATH_SEARCH_PATHS = (
					"$(inherited)",
					"@executable_path/Frameworks",
				);
				PRODUCT_BUNDLE_IDENTIFIER = "Sergey-Fedotov.SZRCAI";
				PRODUCT_NAME = "$(TARGET_NAME)";
				SWIFT_VERSION = 5.0;
				TARGETED_DEVICE_FAMILY = 1;
			};
			name = Release;
		};
		3DD5F29425F853EB00923766 /* Debug */ = {
			isa = XCBuildConfiguration;
			buildSettings = {
				ALWAYS_EMBED_SWIFT_STANDARD_LIBRARIES = YES;
				BUNDLE_LOADER = "$(TEST_HOST)";
				CODE_SIGN_STYLE = Automatic;
				DEVELOPMENT_TEAM = KXDT64LHVB;
				INFOPLIST_FILE = SZRCAITests/Info.plist;
				IPHONEOS_DEPLOYMENT_TARGET = 14.4;
				LD_RUNPATH_SEARCH_PATHS = (
					"$(inherited)",
					"@executable_path/Frameworks",
					"@loader_path/Frameworks",
				);
				PRODUCT_BUNDLE_IDENTIFIER = "Sergey-Fedotov.SZRCAITests";
				PRODUCT_NAME = "$(TARGET_NAME)";
				SWIFT_VERSION = 5.0;
				TARGETED_DEVICE_FAMILY = "1,2";
				TEST_HOST = "$(BUILT_PRODUCTS_DIR)/SZRCAI.app/SZRCAI";
			};
			name = Debug;
		};
		3DD5F29525F853EB00923766 /* Release */ = {
			isa = XCBuildConfiguration;
			buildSettings = {
				ALWAYS_EMBED_SWIFT_STANDARD_LIBRARIES = YES;
				BUNDLE_LOADER = "$(TEST_HOST)";
				CODE_SIGN_STYLE = Automatic;
				DEVELOPMENT_TEAM = KXDT64LHVB;
				INFOPLIST_FILE = SZRCAITests/Info.plist;
				IPHONEOS_DEPLOYMENT_TARGET = 14.4;
				LD_RUNPATH_SEARCH_PATHS = (
					"$(inherited)",
					"@executable_path/Frameworks",
					"@loader_path/Frameworks",
				);
				PRODUCT_BUNDLE_IDENTIFIER = "Sergey-Fedotov.SZRCAITests";
				PRODUCT_NAME = "$(TARGET_NAME)";
				SWIFT_VERSION = 5.0;
				TARGETED_DEVICE_FAMILY = "1,2";
				TEST_HOST = "$(BUILT_PRODUCTS_DIR)/SZRCAI.app/SZRCAI";
			};
			name = Release;
		};
		3DD5F29725F853EB00923766 /* Debug */ = {
			isa = XCBuildConfiguration;
			buildSettings = {
				ALWAYS_EMBED_SWIFT_STANDARD_LIBRARIES = YES;
				CODE_SIGN_STYLE = Automatic;
				DEVELOPMENT_TEAM = KXDT64LHVB;
				INFOPLIST_FILE = SZRCAIUITests/Info.plist;
				LD_RUNPATH_SEARCH_PATHS = (
					"$(inherited)",
					"@executable_path/Frameworks",
					"@loader_path/Frameworks",
				);
				PRODUCT_BUNDLE_IDENTIFIER = "Sergey-Fedotov.SZRCAIUITests";
				PRODUCT_NAME = "$(TARGET_NAME)";
				SWIFT_VERSION = 5.0;
				TARGETED_DEVICE_FAMILY = "1,2";
				TEST_TARGET_NAME = SZRCAI;
			};
			name = Debug;
		};
		3DD5F29825F853EB00923766 /* Release */ = {
			isa = XCBuildConfiguration;
			buildSettings = {
				ALWAYS_EMBED_SWIFT_STANDARD_LIBRARIES = YES;
				CODE_SIGN_STYLE = Automatic;
				DEVELOPMENT_TEAM = KXDT64LHVB;
				INFOPLIST_FILE = SZRCAIUITests/Info.plist;
				LD_RUNPATH_SEARCH_PATHS = (
					"$(inherited)",
					"@executable_path/Frameworks",
					"@loader_path/Frameworks",
				);
				PRODUCT_BUNDLE_IDENTIFIER = "Sergey-Fedotov.SZRCAIUITests";
				PRODUCT_NAME = "$(TARGET_NAME)";
				SWIFT_VERSION = 5.0;
				TARGETED_DEVICE_FAMILY = "1,2";
				TEST_TARGET_NAME = SZRCAI;
			};
			name = Release;
		};
/* End XCBuildConfiguration section */

/* Begin XCConfigurationList section */
		3DD5F26125F853E900923766 /* Build configuration list for PBXProject "SZRCAI" */ = {
			isa = XCConfigurationList;
			buildConfigurations = (
				3DD5F28E25F853EB00923766 /* Debug */,
				3DD5F28F25F853EB00923766 /* Release */,
			);
			defaultConfigurationIsVisible = 0;
			defaultConfigurationName = Release;
		};
		3DD5F29025F853EB00923766 /* Build configuration list for PBXNativeTarget "SZRCAI" */ = {
			isa = XCConfigurationList;
			buildConfigurations = (
				3DD5F29125F853EB00923766 /* Debug */,
				3DD5F29225F853EB00923766 /* Release */,
			);
			defaultConfigurationIsVisible = 0;
			defaultConfigurationName = Release;
		};
		3DD5F29325F853EB00923766 /* Build configuration list for PBXNativeTarget "SZRCAITests" */ = {
			isa = XCConfigurationList;
			buildConfigurations = (
				3DD5F29425F853EB00923766 /* Debug */,
				3DD5F29525F853EB00923766 /* Release */,
			);
			defaultConfigurationIsVisible = 0;
			defaultConfigurationName = Release;
		};
		3DD5F29625F853EB00923766 /* Build configuration list for PBXNativeTarget "SZRCAIUITests" */ = {
			isa = XCConfigurationList;
			buildConfigurations = (
				3DD5F29725F853EB00923766 /* Debug */,
				3DD5F29825F853EB00923766 /* Release */,
			);
			defaultConfigurationIsVisible = 0;
			defaultConfigurationName = Release;
		};
/* End XCConfigurationList section */
	};
	rootObject = 3DD5F25E25F853E900923766 /* Project object */;
}
